
Microsoft Visual Studio Solution File, Format Version 12.00
# Visual Studio Version 17
VisualStudioVersion = 17.11.35327.3
MinimumVisualStudioVersion = 10.0.40219.1
Project("{2150E333-8FDC-42A3-9474-1A3956D46DE8}") = "src", "src", "{58E3AF52-1232-405F-B60B-B2FB0FF188E0}"
EndProject
Project("{9A19103F-16F7-4668-BE54-9A1E7A4F7556}") = "Motoflex.Domain", "src\Motoflex.Domain\Motoflex.Domain.csproj", "{3560C390-7FD1-4AF0-B8C1-4ACFE8C2EFC7}"
EndProject
Project("{9A19103F-16F7-4668-BE54-9A1E7A4F7556}") = "Motoflex.Infrastructure", "src\Motoflex.Infrastructure\Motoflex.Infrastructure.csproj", "{71BE76F6-33F5-4E0F-A42A-BF81BC62944C}"
	ProjectSection(ProjectDependencies) = postProject
		{3560C390-7FD1-4AF0-B8C1-4ACFE8C2EFC7} = {3560C390-7FD1-4AF0-B8C1-4ACFE8C2EFC7}
	EndProjectSection
EndProject
Project("{9A19103F-16F7-4668-BE54-9A1E7A4F7556}") = "Motoflex.Application", "src\Motoflex.Application\Motoflex.Application.csproj", "{AA7E5666-DA2A-416E-8BFE-2DBF59BD44A3}"
	ProjectSection(ProjectDependencies) = postProject
		{3560C390-7FD1-4AF0-B8C1-4ACFE8C2EFC7} = {3560C390-7FD1-4AF0-B8C1-4ACFE8C2EFC7}
		{71BE76F6-33F5-4E0F-A42A-BF81BC62944C} = {71BE76F6-33F5-4E0F-A42A-BF81BC62944C}
	EndProjectSection
EndProject
Project("{9A19103F-16F7-4668-BE54-9A1E7A4F7556}") = "Motoflex.Api", "src\Motoflex.Api\Motoflex.Api.csproj", "{4E3072AF-5552-4118-9BFD-1BE0018BD906}"
	ProjectSection(ProjectDependencies) = postProject
		{AA7E5666-DA2A-416E-8BFE-2DBF59BD44A3} = {AA7E5666-DA2A-416E-8BFE-2DBF59BD44A3}
	EndProjectSection
EndProject
Project("{2150E333-8FDC-42A3-9474-1A3956D46DE8}") = "test", "test", "{CF4F1615-E2EA-4B3A-BFA9-ACF1E1E503EC}"
EndProject
Project("{9A19103F-16F7-4668-BE54-9A1E7A4F7556}") = "Motoflex.UnitTests", "test\Motoflex.UnitTests\Motoflex.UnitTests.csproj", "{866DE6F6-9834-481B-9F8F-C23EF2DC319D}"
	ProjectSection(ProjectDependencies) = postProject
		{3560C390-7FD1-4AF0-B8C1-4ACFE8C2EFC7} = {3560C390-7FD1-4AF0-B8C1-4ACFE8C2EFC7}
		{4E3072AF-5552-4118-9BFD-1BE0018BD906} = {4E3072AF-5552-4118-9BFD-1BE0018BD906}
		{71BE76F6-33F5-4E0F-A42A-BF81BC62944C} = {71BE76F6-33F5-4E0F-A42A-BF81BC62944C}
		{AA7E5666-DA2A-416E-8BFE-2DBF59BD44A3} = {AA7E5666-DA2A-416E-8BFE-2DBF59BD44A3}
	EndProjectSection
EndProject
Project("{E53339B2-1760-4266-BCC7-CA923CBCF16C}") = "docker-compose", "docker-compose.dcproj", "{3F512503-9413-42D5-8AD1-F64A7F5F0239}"
EndProject
Project("{FAE04EC0-301F-11D3-BF4B-00C04F79EFBC}") = "Motoflex.IntegrationTests", "test\Motoflex.IntegrationTests\Motoflex.IntegrationTests.csproj", "{2D5C7201-9773-4DA8-89B2-8B521C258A0B}"
	ProjectSection(ProjectDependencies) = postProject
		{3560C390-7FD1-4AF0-B8C1-4ACFE8C2EFC7} = {3560C390-7FD1-4AF0-B8C1-4ACFE8C2EFC7}
		{4E3072AF-5552-4118-9BFD-1BE0018BD906} = {4E3072AF-5552-4118-9BFD-1BE0018BD906}
		{71BE76F6-33F5-4E0F-A42A-BF81BC62944C} = {71BE76F6-33F5-4E0F-A42A-BF81BC62944C}
		{AA7E5666-DA2A-416E-8BFE-2DBF59BD44A3} = {AA7E5666-DA2A-416E-8BFE-2DBF59BD44A3}
	EndProjectSection
EndProject
Global
	GlobalSection(SolutionConfigurationPlatforms) = preSolution
		Debug|Any CPU = Debug|Any CPU
		Release|Any CPU = Release|Any CPU
	EndGlobalSection
	GlobalSection(ProjectConfigurationPlatforms) = postSolution
		{3560C390-7FD1-4AF0-B8C1-4ACFE8C2EFC7}.Debug|Any CPU.ActiveCfg = Debug|Any CPU
		{3560C390-7FD1-4AF0-B8C1-4ACFE8C2EFC7}.Debug|Any CPU.Build.0 = Debug|Any CPU
		{3560C390-7FD1-4AF0-B8C1-4ACFE8C2EFC7}.Release|Any CPU.ActiveCfg = Release|Any CPU
		{3560C390-7FD1-4AF0-B8C1-4ACFE8C2EFC7}.Release|Any CPU.Build.0 = Release|Any CPU
		{71BE76F6-33F5-4E0F-A42A-BF81BC62944C}.Debug|Any CPU.ActiveCfg = Debug|Any CPU
		{71BE76F6-33F5-4E0F-A42A-BF81BC62944C}.Debug|Any CPU.Build.0 = Debug|Any CPU
		{71BE76F6-33F5-4E0F-A42A-BF81BC62944C}.Release|Any CPU.ActiveCfg = Release|Any CPU
		{71BE76F6-33F5-4E0F-A42A-BF81BC62944C}.Release|Any CPU.Build.0 = Release|Any CPU
		{AA7E5666-DA2A-416E-8BFE-2DBF59BD44A3}.Debug|Any CPU.ActiveCfg = Debug|Any CPU
		{AA7E5666-DA2A-416E-8BFE-2DBF59BD44A3}.Debug|Any CPU.Build.0 = Debug|Any CPU
		{AA7E5666-DA2A-416E-8BFE-2DBF59BD44A3}.Release|Any CPU.ActiveCfg = Release|Any CPU
		{AA7E5666-DA2A-416E-8BFE-2DBF59BD44A3}.Release|Any CPU.Build.0 = Release|Any CPU
		{4E3072AF-5552-4118-9BFD-1BE0018BD906}.Debug|Any CPU.ActiveCfg = Debug|Any CPU
		{4E3072AF-5552-4118-9BFD-1BE0018BD906}.Debug|Any CPU.Build.0 = Debug|Any CPU
		{4E3072AF-5552-4118-9BFD-1BE0018BD906}.Release|Any CPU.ActiveCfg = Release|Any CPU
		{4E3072AF-5552-4118-9BFD-1BE0018BD906}.Release|Any CPU.Build.0 = Release|Any CPU
		{866DE6F6-9834-481B-9F8F-C23EF2DC319D}.Debug|Any CPU.ActiveCfg = Debug|Any CPU
		{866DE6F6-9834-481B-9F8F-C23EF2DC319D}.Debug|Any CPU.Build.0 = Debug|Any CPU
		{866DE6F6-9834-481B-9F8F-C23EF2DC319D}.Release|Any CPU.ActiveCfg = Release|Any CPU
		{866DE6F6-9834-481B-9F8F-C23EF2DC319D}.Release|Any CPU.Build.0 = Release|Any CPU
		{3F512503-9413-42D5-8AD1-F64A7F5F0239}.Debug|Any CPU.ActiveCfg = Debug|Any CPU
		{3F512503-9413-42D5-8AD1-F64A7F5F0239}.Debug|Any CPU.Build.0 = Debug|Any CPU
		{3F512503-9413-42D5-8AD1-F64A7F5F0239}.Release|Any CPU.ActiveCfg = Release|Any CPU
		{3F512503-9413-42D5-8AD1-F64A7F5F0239}.Release|Any CPU.Build.0 = Release|Any CPU
		{2D5C7201-9773-4DA8-89B2-8B521C258A0B}.Debug|Any CPU.ActiveCfg = Debug|Any CPU
		{2D5C7201-9773-4DA8-89B2-8B521C258A0B}.Debug|Any CPU.Build.0 = Debug|Any CPU
		{2D5C7201-9773-4DA8-89B2-8B521C258A0B}.Release|Any CPU.ActiveCfg = Release|Any CPU
		{2D5C7201-9773-4DA8-89B2-8B521C258A0B}.Release|Any CPU.Build.0 = Release|Any CPU
	EndGlobalSection
	GlobalSection(SolutionProperties) = preSolution
		HideSolutionNode = FALSE
	EndGlobalSection
	GlobalSection(NestedProjects) = preSolution
		{3560C390-7FD1-4AF0-B8C1-4ACFE8C2EFC7} = {58E3AF52-1232-405F-B60B-B2FB0FF188E0}
		{71BE76F6-33F5-4E0F-A42A-BF81BC62944C} = {58E3AF52-1232-405F-B60B-B2FB0FF188E0}
		{AA7E5666-DA2A-416E-8BFE-2DBF59BD44A3} = {58E3AF52-1232-405F-B60B-B2FB0FF188E0}
		{4E3072AF-5552-4118-9BFD-1BE0018BD906} = {58E3AF52-1232-405F-B60B-B2FB0FF188E0}
		{866DE6F6-9834-481B-9F8F-C23EF2DC319D} = {CF4F1615-E2EA-4B3A-BFA9-ACF1E1E503EC}
		{2D5C7201-9773-4DA8-89B2-8B521C258A0B} = {CF4F1615-E2EA-4B3A-BFA9-ACF1E1E503EC}
	EndGlobalSection
	GlobalSection(ExtensibilityGlobals) = postSolution
		SolutionGuid = {305E0FA9-D48A-4DE5-86B5-E806DBEB708E}
	EndGlobalSection
EndGlobal
